
Microsoft Visual Studio Solution File, Format Version 12.00
# Visual Studio Version 17
VisualStudioVersion = 17.0.31903.59
MinimumVisualStudioVersion = 10.0.40219.1
Project("{2150E333-8FDC-42A3-9474-1A3956D46DE8}") = "src", "src", "{827E0CD3-B72D-47B6-A68D-7590B98EB39B}"
EndProject
Project("{FAE04EC0-301F-11D3-BF4B-00C04F79EFBC}") = "Qsr.OrderFlow.Api", "src\Qsr.OrderFlow.Api\Qsr.OrderFlow.Api.csproj", "{A61B52F6-CA95-41DC-A598-CA63253EBAE8}"
EndProject
Project("{FAE04EC0-301F-11D3-BF4B-00C04F79EFBC}") = "Qsr.OrderFlow.Application", "src\Qsr.OrderFlow.Application\Qsr.OrderFlow.Application.csproj", "{2AAE6004-EF5E-4E55-9DEC-41BA099395C4}"
EndProject
Project("{FAE04EC0-301F-11D3-BF4B-00C04F79EFBC}") = "Qsr.OrderFlow.Domain", "src\Qsr.OrderFlow.Domain\Qsr.OrderFlow.Domain.csproj", "{95252840-4FB7-4EEE-8CD1-B53443B60ABD}"
EndProject
Project("{FAE04EC0-301F-11D3-BF4B-00C04F79EFBC}") = "Qsr.OrderFlow.Infrastructure", "src\Qsr.OrderFlow.Infrastructure\Qsr.OrderFlow.Infrastructure.csproj", "{D6536784-4AD9-4B3B-AE85-5EFF4ED56CD8}"
EndProject
Project("{FAE04EC0-301F-11D3-BF4B-00C04F79EFBC}") = "Qsr.OrderFlow.Worker", "src\Qsr.OrderFlow.Worker\Qsr.OrderFlow.Worker.csproj", "{10A282B5-4D96-4C05-A0E9-A3EA8BD97EC4}"
EndProject
Project("{FAE04EC0-301F-11D3-BF4B-00C04F79EFBC}") = "Qsr.OrderFlow.Functions", "src\Qsr.OrderFlow.Functions\Qsr.OrderFlow.Functions.csproj", "{63A2D787-539D-406F-913A-2E28F0ED7589}"
EndProject
Project("{FAE04EC0-301F-11D3-BF4B-00C04F79EFBC}") = "Qsr.OrderFlow.UnitTests", "tests\Qsr.OrderFlow.UnitTests\Qsr.OrderFlow.UnitTests.csproj", "{E071C763-9087-4394-8FC7-D03938AF4506}"
EndProject
Project("{FAE04EC0-301F-11D3-BF4B-00C04F79EFBC}") = "Qsr.OrderFlow.IntegrationTests", "tests\Qsr.OrderFlow.IntegrationTests\Qsr.OrderFlow.IntegrationTests.csproj", "{449F67A6-C429-4E41-B003-7FEF165417E4}"
EndProject
Global
	GlobalSection(SolutionConfigurationPlatforms) = preSolution
		Debug|Any CPU = Debug|Any CPU
		Debug|x64 = Debug|x64
		Debug|x86 = Debug|x86
		Release|Any CPU = Release|Any CPU
		Release|x64 = Release|x64
		Release|x86 = Release|x86
	EndGlobalSection
	GlobalSection(ProjectConfigurationPlatforms) = postSolution
		{A61B52F6-CA95-41DC-A598-CA63253EBAE8}.Debug|Any CPU.ActiveCfg = Debug|Any CPU
		{A61B52F6-CA95-41DC-A598-CA63253EBAE8}.Debug|Any CPU.Build.0 = Debug|Any CPU
		{A61B52F6-CA95-41DC-A598-CA63253EBAE8}.Debug|x64.ActiveCfg = Debug|Any CPU
		{A61B52F6-CA95-41DC-A598-CA63253EBAE8}.Debug|x64.Build.0 = Debug|Any CPU
		{A61B52F6-CA95-41DC-A598-CA63253EBAE8}.Debug|x86.ActiveCfg = Debug|Any CPU
		{A61B52F6-CA95-41DC-A598-CA63253EBAE8}.Debug|x86.Build.0 = Debug|Any CPU
		{A61B52F6-CA95-41DC-A598-CA63253EBAE8}.Release|Any CPU.ActiveCfg = Release|Any CPU
		{A61B52F6-CA95-41DC-A598-CA63253EBAE8}.Release|Any CPU.Build.0 = Release|Any CPU
		{A61B52F6-CA95-41DC-A598-CA63253EBAE8}.Release|x64.ActiveCfg = Release|Any CPU
		{A61B52F6-CA95-41DC-A598-CA63253EBAE8}.Release|x64.Build.0 = Release|Any CPU
		{A61B52F6-CA95-41DC-A598-CA63253EBAE8}.Release|x86.ActiveCfg = Release|Any CPU
		{A61B52F6-CA95-41DC-A598-CA63253EBAE8}.Release|x86.Build.0 = Release|Any CPU
		{2AAE6004-EF5E-4E55-9DEC-41BA099395C4}.Debug|Any CPU.ActiveCfg = Debug|Any CPU
		{2AAE6004-EF5E-4E55-9DEC-41BA099395C4}.Debug|Any CPU.Build.0 = Debug|Any CPU
		{2AAE6004-EF5E-4E55-9DEC-41BA099395C4}.Debug|x64.ActiveCfg = Debug|Any CPU
		{2AAE6004-EF5E-4E55-9DEC-41BA099395C4}.Debug|x64.Build.0 = Debug|Any CPU
		{2AAE6004-EF5E-4E55-9DEC-41BA099395C4}.Debug|x86.ActiveCfg = Debug|Any CPU
		{2AAE6004-EF5E-4E55-9DEC-41BA099395C4}.Debug|x86.Build.0 = Debug|Any CPU
		{2AAE6004-EF5E-4E55-9DEC-41BA099395C4}.Release|Any CPU.ActiveCfg = Release|Any CPU
		{2AAE6004-EF5E-4E55-9DEC-41BA099395C4}.Release|Any CPU.Build.0 = Release|Any CPU
		{2AAE6004-EF5E-4E55-9DEC-41BA099395C4}.Release|x64.ActiveCfg = Release|Any CPU
		{2AAE6004-EF5E-4E55-9DEC-41BA099395C4}.Release|x64.Build.0 = Release|Any CPU
		{2AAE6004-EF5E-4E55-9DEC-41BA099395C4}.Release|x86.ActiveCfg = Release|Any CPU
		{2AAE6004-EF5E-4E55-9DEC-41BA099395C4}.Release|x86.Build.0 = Release|Any CPU
		{95252840-4FB7-4EEE-8CD1-B53443B60ABD}.Debug|Any CPU.ActiveCfg = Debug|Any CPU
		{95252840-4FB7-4EEE-8CD1-B53443B60ABD}.Debug|Any CPU.Build.0 = Debug|Any CPU
		{95252840-4FB7-4EEE-8CD1-B53443B60ABD}.Debug|x64.ActiveCfg = Debug|Any CPU
		{95252840-4FB7-4EEE-8CD1-B53443B60ABD}.Debug|x64.Build.0 = Debug|Any CPU
		{95252840-4FB7-4EEE-8CD1-B53443B60ABD}.Debug|x86.ActiveCfg = Debug|Any CPU
		{95252840-4FB7-4EEE-8CD1-B53443B60ABD}.Debug|x86.Build.0 = Debug|Any CPU
		{95252840-4FB7-4EEE-8CD1-B53443B60ABD}.Release|Any CPU.ActiveCfg = Release|Any CPU
		{95252840-4FB7-4EEE-8CD1-B53443B60ABD}.Release|Any CPU.Build.0 = Release|Any CPU
		{95252840-4FB7-4EEE-8CD1-B53443B60ABD}.Release|x64.ActiveCfg = Release|Any CPU
		{95252840-4FB7-4EEE-8CD1-B53443B60ABD}.Release|x64.Build.0 = Release|Any CPU
		{95252840-4FB7-4EEE-8CD1-B53443B60ABD}.Release|x86.ActiveCfg = Release|Any CPU
		{95252840-4FB7-4EEE-8CD1-B53443B60ABD}.Release|x86.Build.0 = Release|Any CPU
		{D6536784-4AD9-4B3B-AE85-5EFF4ED56CD8}.Debug|Any CPU.ActiveCfg = Debug|Any CPU
		{D6536784-4AD9-4B3B-AE85-5EFF4ED56CD8}.Debug|Any CPU.Build.0 = Debug|Any CPU
		{D6536784-4AD9-4B3B-AE85-5EFF4ED56CD8}.Debug|x64.ActiveCfg = Debug|Any CPU
		{D6536784-4AD9-4B3B-AE85-5EFF4ED56CD8}.Debug|x64.Build.0 = Debug|Any CPU
		{D6536784-4AD9-4B3B-AE85-5EFF4ED56CD8}.Debug|x86.ActiveCfg = Debug|Any CPU
		{D6536784-4AD9-4B3B-AE85-5EFF4ED56CD8}.Debug|x86.Build.0 = Debug|Any CPU
		{D6536784-4AD9-4B3B-AE85-5EFF4ED56CD8}.Release|Any CPU.ActiveCfg = Release|Any CPU
		{D6536784-4AD9-4B3B-AE85-5EFF4ED56CD8}.Release|Any CPU.Build.0 = Release|Any CPU
		{D6536784-4AD9-4B3B-AE85-5EFF4ED56CD8}.Release|x64.ActiveCfg = Release|Any CPU
		{D6536784-4AD9-4B3B-AE85-5EFF4ED56CD8}.Release|x64.Build.0 = Release|Any CPU
		{D6536784-4AD9-4B3B-AE85-5EFF4ED56CD8}.Release|x86.ActiveCfg = Release|Any CPU
		{D6536784-4AD9-4B3B-AE85-5EFF4ED56CD8}.Release|x86.Build.0 = Release|Any CPU
		{10A282B5-4D96-4C05-A0E9-A3EA8BD97EC4}.Debug|Any CPU.ActiveCfg = Debug|Any CPU
		{10A282B5-4D96-4C05-A0E9-A3EA8BD97EC4}.Debug|Any CPU.Build.0 = Debug|Any CPU
		{10A282B5-4D96-4C05-A0E9-A3EA8BD97EC4}.Debug|x64.ActiveCfg = Debug|Any CPU
		{10A282B5-4D96-4C05-A0E9-A3EA8BD97EC4}.Debug|x64.Build.0 = Debug|Any CPU
		{10A282B5-4D96-4C05-A0E9-A3EA8BD97EC4}.Debug|x86.ActiveCfg = Debug|Any CPU
		{10A282B5-4D96-4C05-A0E9-A3EA8BD97EC4}.Debug|x86.Build.0 = Debug|Any CPU
		{10A282B5-4D96-4C05-A0E9-A3EA8BD97EC4}.Release|Any CPU.ActiveCfg = Release|Any CPU
		{10A282B5-4D96-4C05-A0E9-A3EA8BD97EC4}.Release|Any CPU.Build.0 = Release|Any CPU
		{10A282B5-4D96-4C05-A0E9-A3EA8BD97EC4}.Release|x64.ActiveCfg = Release|Any CPU
		{10A282B5-4D96-4C05-A0E9-A3EA8BD97EC4}.Release|x64.Build.0 = Release|Any CPU
		{10A282B5-4D96-4C05-A0E9-A3EA8BD97EC4}.Release|x86.ActiveCfg = Release|Any CPU
		{10A282B5-4D96-4C05-A0E9-A3EA8BD97EC4}.Release|x86.Build.0 = Release|Any CPU
		{63A2D787-539D-406F-913A-2E28F0ED7589}.Debug|Any CPU.ActiveCfg = Debug|Any CPU
		{63A2D787-539D-406F-913A-2E28F0ED7589}.Debug|Any CPU.Build.0 = Debug|Any CPU
		{63A2D787-539D-406F-913A-2E28F0ED7589}.Debug|x64.ActiveCfg = Debug|Any CPU
		{63A2D787-539D-406F-913A-2E28F0ED7589}.Debug|x64.Build.0 = Debug|Any CPU
		{63A2D787-539D-406F-913A-2E28F0ED7589}.Debug|x86.ActiveCfg = Debug|Any CPU
		{63A2D787-539D-406F-913A-2E28F0ED7589}.Debug|x86.Build.0 = Debug|Any CPU
		{63A2D787-539D-406F-913A-2E28F0ED7589}.Release|Any CPU.ActiveCfg = Release|Any CPU
		{63A2D787-539D-406F-913A-2E28F0ED7589}.Release|Any CPU.Build.0 = Release|Any CPU
		{63A2D787-539D-406F-913A-2E28F0ED7589}.Release|x64.ActiveCfg = Release|Any CPU
		{63A2D787-539D-406F-913A-2E28F0ED7589}.Release|x64.Build.0 = Release|Any CPU
		{63A2D787-539D-406F-913A-2E28F0ED7589}.Release|x86.ActiveCfg = Release|Any CPU
		{63A2D787-539D-406F-913A-2E28F0ED7589}.Release|x86.Build.0 = Release|Any CPU
		{E071C763-9087-4394-8FC7-D03938AF4506}.Debug|Any CPU.ActiveCfg = Debug|Any CPU
		{E071C763-9087-4394-8FC7-D03938AF4506}.Debug|Any CPU.Build.0 = Debug|Any CPU
		{E071C763-9087-4394-8FC7-D03938AF4506}.Debug|x64.ActiveCfg = Debug|Any CPU
		{E071C763-9087-4394-8FC7-D03938AF4506}.Debug|x64.Build.0 = Debug|Any CPU
		{E071C763-9087-4394-8FC7-D03938AF4506}.Debug|x86.ActiveCfg = Debug|Any CPU
		{E071C763-9087-4394-8FC7-D03938AF4506}.Debug|x86.Build.0 = Debug|Any CPU
		{E071C763-9087-4394-8FC7-D03938AF4506}.Release|Any CPU.ActiveCfg = Release|Any CPU
		{E071C763-9087-4394-8FC7-D03938AF4506}.Release|Any CPU.Build.0 = Release|Any CPU
		{E071C763-9087-4394-8FC7-D03938AF4506}.Release|x64.ActiveCfg = Release|Any CPU
		{E071C763-9087-4394-8FC7-D03938AF4506}.Release|x64.Build.0 = Release|Any CPU
		{E071C763-9087-4394-8FC7-D03938AF4506}.Release|x86.ActiveCfg = Release|Any CPU
		{E071C763-9087-4394-8FC7-D03938AF4506}.Release|x86.Build.0 = Release|Any CPU
		{449F67A6-C429-4E41-B003-7FEF165417E4}.Debug|Any CPU.ActiveCfg = Debug|Any CPU
		{449F67A6-C429-4E41-B003-7FEF165417E4}.Debug|Any CPU.Build.0 = Debug|Any CPU
		{449F67A6-C429-4E41-B003-7FEF165417E4}.Debug|x64.ActiveCfg = Debug|Any CPU
		{449F67A6-C429-4E41-B003-7FEF165417E4}.Debug|x64.Build.0 = Debug|Any CPU
		{449F67A6-C429-4E41-B003-7FEF165417E4}.Debug|x86.ActiveCfg = Debug|Any CPU
		{449F67A6-C429-4E41-B003-7FEF165417E4}.Debug|x86.Build.0 = Debug|Any CPU
		{449F67A6-C429-4E41-B003-7FEF165417E4}.Release|Any CPU.ActiveCfg = Release|Any CPU
		{449F67A6-C429-4E41-B003-7FEF165417E4}.Release|Any CPU.Build.0 = Release|Any CPU
		{449F67A6-C429-4E41-B003-7FEF165417E4}.Release|x64.ActiveCfg = Release|Any CPU
		{449F67A6-C429-4E41-B003-7FEF165417E4}.Release|x64.Build.0 = Release|Any CPU
		{449F67A6-C429-4E41-B003-7FEF165417E4}.Release|x86.ActiveCfg = Release|Any CPU
		{449F67A6-C429-4E41-B003-7FEF165417E4}.Release|x86.Build.0 = Release|Any CPU
	EndGlobalSection
	GlobalSection(SolutionProperties) = preSolution
		HideSolutionNode = FALSE
	EndGlobalSection
	GlobalSection(NestedProjects) = preSolution
		{A61B52F6-CA95-41DC-A598-CA63253EBAE8} = {827E0CD3-B72D-47B6-A68D-7590B98EB39B}
		{2AAE6004-EF5E-4E55-9DEC-41BA099395C4} = {827E0CD3-B72D-47B6-A68D-7590B98EB39B}
		{95252840-4FB7-4EEE-8CD1-B53443B60ABD} = {827E0CD3-B72D-47B6-A68D-7590B98EB39B}
		{D6536784-4AD9-4B3B-AE85-5EFF4ED56CD8} = {827E0CD3-B72D-47B6-A68D-7590B98EB39B}
		{10A282B5-4D96-4C05-A0E9-A3EA8BD97EC4} = {827E0CD3-B72D-47B6-A68D-7590B98EB39B}
		{63A2D787-539D-406F-913A-2E28F0ED7589} = {827E0CD3-B72D-47B6-A68D-7590B98EB39B}
		{E071C763-9087-4394-8FC7-D03938AF4506} = {827E0CD3-B72D-47B6-A68D-7590B98EB39B}
		{449F67A6-C429-4E41-B003-7FEF165417E4} = {827E0CD3-B72D-47B6-A68D-7590B98EB39B}
	EndGlobalSection
EndGlobal
